
Microsoft Visual Studio Solution File, Format Version 12.00
# Visual Studio Version 16
VisualStudioVersion = 16.0.31605.320
MinimumVisualStudioVersion = 10.0.40219.1
Project("{9A19103F-16F7-4668-BE54-9A1E7A4F7556}") = "AcmeCorp.UI", "AcmeCorp\AcmeCorp.UI.csproj", "{9DF17ABA-BFA3-4268-8879-AC0DF2974C55}"
EndProject
Project("{FAE04EC0-301F-11D3-BF4B-00C04F79EFBC}") = "AcmeCorp.Domain", "AcmeCorp.Domain\AcmeCorp.Domain.csproj", "{37474A11-82C8-4030-A0FA-1001AD30BCBB}"
EndProject
Project("{9A19103F-16F7-4668-BE54-9A1E7A4F7556}") = "AcmeCorp.Test", "AcmeCorp.Test\AcmeCorp.Test.csproj", "{FA202A98-0AEA-4EC5-9439-60850E1CCAC3}"
EndProject
Global
	GlobalSection(SolutionConfigurationPlatforms) = preSolution
		Debug|x64 = Debug|x64
		Release|x64 = Release|x64
	EndGlobalSection
	GlobalSection(ProjectConfigurationPlatforms) = postSolution
		{9DF17ABA-BFA3-4268-8879-AC0DF2974C55}.Debug|x64.ActiveCfg = Debug|x64
		{9DF17ABA-BFA3-4268-8879-AC0DF2974C55}.Debug|x64.Build.0 = Debug|x64
		{9DF17ABA-BFA3-4268-8879-AC0DF2974C55}.Release|x64.ActiveCfg = Release|x64
		{9DF17ABA-BFA3-4268-8879-AC0DF2974C55}.Release|x64.Build.0 = Release|x64
		{37474A11-82C8-4030-A0FA-1001AD30BCBB}.Debug|x64.ActiveCfg = Debug|x64
		{37474A11-82C8-4030-A0FA-1001AD30BCBB}.Debug|x64.Build.0 = Debug|x64
		{37474A11-82C8-4030-A0FA-1001AD30BCBB}.Release|x64.ActiveCfg = Release|x64
		{37474A11-82C8-4030-A0FA-1001AD30BCBB}.Release|x64.Build.0 = Release|x64
		{FA202A98-0AEA-4EC5-9439-60850E1CCAC3}.Debug|x64.ActiveCfg = Debug|x64
		{FA202A98-0AEA-4EC5-9439-60850E1CCAC3}.Debug|x64.Build.0 = Debug|x64
		{FA202A98-0AEA-4EC5-9439-60850E1CCAC3}.Release|x64.ActiveCfg = Release|x64
		{FA202A98-0AEA-4EC5-9439-60850E1CCAC3}.Release|x64.Build.0 = Release|x64
	EndGlobalSection
	GlobalSection(SolutionProperties) = preSolution
		HideSolutionNode = FALSE
	EndGlobalSection
	GlobalSection(ExtensibilityGlobals) = postSolution
		SolutionGuid = {A06C821A-A618-4134-8F00-B7ABCF4F8C12}
	EndGlobalSection
EndGlobal
